
Microsoft Visual Studio Solution File, Format Version 12.00
# Visual Studio Version 17
VisualStudioVersion = 17.4.33213.308
MinimumVisualStudioVersion = 10.0.40219.1
Project("{FAE04EC0-301F-11D3-BF4B-00C04F79EFBC}") = "VacationHavenHotel", "VacationHaven\VacationHavenHotel.csproj", "{E038D8F4-7CA3-4C4D-BEBA-088FF54D848C}"
EndProject
Project("{FAE04EC0-301F-11D3-BF4B-00C04F79EFBC}") = "VacationHaven.Core", "VacationHaven.Core\VacationHaven.Core.csproj", "{E98C7465-1810-49A1-B2CD-5ADB1DB74CD9}"
EndProject
Project("{FAE04EC0-301F-11D3-BF4B-00C04F79EFBC}") = "VacationHaven.Domain", "VacationHaven.Domain\VacationHaven.Domain.csproj", "{591C6A63-1932-47E4-B941-C08FFAFFC444}"
EndProject
Project("{FAE04EC0-301F-11D3-BF4B-00C04F79EFBC}") = "VacationHaven.Infrastructure", "VacationHaven.Infrastructure\VacationHaven.Infrastructure.csproj", "{E6CAE790-6B31-4A60-91A6-3BB34D18FAE5}"
EndProject
Global
	GlobalSection(SolutionConfigurationPlatforms) = preSolution
		Debug|Any CPU = Debug|Any CPU
		Release|Any CPU = Release|Any CPU
	EndGlobalSection
	GlobalSection(ProjectConfigurationPlatforms) = postSolution
		{E038D8F4-7CA3-4C4D-BEBA-088FF54D848C}.Debug|Any CPU.ActiveCfg = Debug|Any CPU
		{E038D8F4-7CA3-4C4D-BEBA-088FF54D848C}.Debug|Any CPU.Build.0 = Debug|Any CPU
		{E038D8F4-7CA3-4C4D-BEBA-088FF54D848C}.Release|Any CPU.ActiveCfg = Release|Any CPU
		{E038D8F4-7CA3-4C4D-BEBA-088FF54D848C}.Release|Any CPU.Build.0 = Release|Any CPU
		{E98C7465-1810-49A1-B2CD-5ADB1DB74CD9}.Debug|Any CPU.ActiveCfg = Debug|Any CPU
		{E98C7465-1810-49A1-B2CD-5ADB1DB74CD9}.Debug|Any CPU.Build.0 = Debug|Any CPU
		{E98C7465-1810-49A1-B2CD-5ADB1DB74CD9}.Release|Any CPU.ActiveCfg = Release|Any CPU
		{E98C7465-1810-49A1-B2CD-5ADB1DB74CD9}.Release|Any CPU.Build.0 = Release|Any CPU
		{591C6A63-1932-47E4-B941-C08FFAFFC444}.Debug|Any CPU.ActiveCfg = Debug|Any CPU
		{591C6A63-1932-47E4-B941-C08FFAFFC444}.Debug|Any CPU.Build.0 = Debug|Any CPU
		{591C6A63-1932-47E4-B941-C08FFAFFC444}.Release|Any CPU.ActiveCfg = Release|Any CPU
		{591C6A63-1932-47E4-B941-C08FFAFFC444}.Release|Any CPU.Build.0 = Release|Any CPU
		{E6CAE790-6B31-4A60-91A6-3BB34D18FAE5}.Debug|Any CPU.ActiveCfg = Debug|Any CPU
		{E6CAE790-6B31-4A60-91A6-3BB34D18FAE5}.Debug|Any CPU.Build.0 = Debug|Any CPU
		{E6CAE790-6B31-4A60-91A6-3BB34D18FAE5}.Release|Any CPU.ActiveCfg = Release|Any CPU
		{E6CAE790-6B31-4A60-91A6-3BB34D18FAE5}.Release|Any CPU.Build.0 = Release|Any CPU
	EndGlobalSection
	GlobalSection(SolutionProperties) = preSolution
		HideSolutionNode = FALSE
	EndGlobalSection
	GlobalSection(ExtensibilityGlobals) = postSolution
		SolutionGuid = {CD4571E6-7CB6-4265-9749-711EF709DD41}
	EndGlobalSection
EndGlobal
